
Microsoft Visual Studio Solution File, Format Version 10.00
# Visual Studio 2008
Project("{8BC9CEB8-8B4A-11D0-8D11-00A0C91BC942}") = "Codec", "Codec\Codec.vcproj", "{1DE6410D-4002-462D-9492-786155D43663}"
EndProject
Project("{8BC9CEB8-8B4A-11D0-8D11-00A0C91BC942}") = "PSNR", "PSNR\PSNR.vcproj", "{55B0589A-0DFF-4AC4-B37E-10CD15C91CD3}"
EndProject
Global
	GlobalSection(SolutionConfigurationPlatforms) = preSolution
		Debug|Win32 = Debug|Win32
		Release|Win32 = Release|Win32
	EndGlobalSection
	GlobalSection(ProjectConfigurationPlatforms) = postSolution
		{1DE6410D-4002-462D-9492-786155D43663}.Debug|Win32.ActiveCfg = Debug|Win32
		{1DE6410D-4002-462D-9492-786155D43663}.Debug|Win32.Build.0 = Debug|Win32
		{1DE6410D-4002-462D-9492-786155D43663}.Release|Win32.ActiveCfg = Release|Win32
		{1DE6410D-4002-462D-9492-786155D43663}.Release|Win32.Build.0 = Release|Win32
		{55B0589A-0DFF-4AC4-B37E-10CD15C91CD3}.Debug|Win32.ActiveCfg = Debug|Win32
		{55B0589A-0DFF-4AC4-B37E-10CD15C91CD3}.Debug|Win32.Build.0 = Debug|Win32
		{55B0589A-0DFF-4AC4-B37E-10CD15C91CD3}.Release|Win32.ActiveCfg = Release|Win32
		{55B0589A-0DFF-4AC4-B37E-10CD15C91CD3}.Release|Win32.Build.0 = Release|Win32
	EndGlobalSection
	GlobalSection(SolutionProperties) = preSolution
		HideSolutionNode = FALSE
	EndGlobalSection
EndGlobal
